// !$*UTF8*$!
{
	archiveVersion = 1;
	classes = {
	};
	objectVersion = 48;
	objects = {

/* Begin PBXBuildFile section */
		BE0F808E200F693C00997A5B /* AppDelegate.swift in Sources */ = {isa = PBXBuildFile; fileRef = BE0F808D200F693C00997A5B /* AppDelegate.swift */; };
		BE0F8090200F693C00997A5B /* ViewController.swift in Sources */ = {isa = PBXBuildFile; fileRef = BE0F808F200F693C00997A5B /* ViewController.swift */; };
		BE0F8093200F693C00997A5B /* Main.storyboard in Resources */ = {isa = PBXBuildFile; fileRef = BE0F8091200F693C00997A5B /* Main.storyboard */; };
		BE0F8095200F693C00997A5B /* Assets.xcassets in Resources */ = {isa = PBXBuildFile; fileRef = BE0F8094200F693C00997A5B /* Assets.xcassets */; };
		BE0F8098200F693C00997A5B /* LaunchScreen.storyboard in Resources */ = {isa = PBXBuildFile; fileRef = BE0F8096200F693C00997A5B /* LaunchScreen.storyboard */; };
		BE0F80A3200F693C00997A5B /* PodGoTests.swift in Sources */ = {isa = PBXBuildFile; fileRef = BE0F80A2200F693C00997A5B /* PodGoTests.swift */; };
		BE0F80AE200F693C00997A5B /* PodGoUITests.swift in Sources */ = {isa = PBXBuildFile; fileRef = BE0F80AD200F693C00997A5B /* PodGoUITests.swift */; };
/* End PBXBuildFile section */

/* Begin PBXContainerItemProxy section */
		BE0F809F200F693C00997A5B /* PBXContainerItemProxy */ = {
			isa = PBXContainerItemProxy;
			containerPortal = BE0F8082200F693C00997A5B /* Project object */;
			proxyType = 1;
			remoteGlobalIDString = BE0F8089200F693C00997A5B;
			remoteInfo = PodGo;
		};
		BE0F80AA200F693C00997A5B /* PBXContainerItemProxy */ = {
			isa = PBXContainerItemProxy;
			containerPortal = BE0F8082200F693C00997A5B /* Project object */;
			proxyType = 1;
			remoteGlobalIDString = BE0F8089200F693C00997A5B;
			remoteInfo = PodGo;
		};
/* End PBXContainerItemProxy section */

/* Begin PBXFileReference section */
		BE0F808A200F693C00997A5B /* PodGo.app */ = {isa = PBXFileReference; explicitFileType = wrapper.application; includeInIndex = 0; path = PodGo.app; sourceTree = BUILT_PRODUCTS_DIR; };
		BE0F808D200F693C00997A5B /* AppDelegate.swift */ = {isa = PBXFileReference; lastKnownFileType = sourcecode.swift; path = AppDelegate.swift; sourceTree = "<group>"; };
		BE0F808F200F693C00997A5B /* ViewController.swift */ = {isa = PBXFileReference; lastKnownFileType = sourcecode.swift; path = ViewController.swift; sourceTree = "<group>"; };
		BE0F8092200F693C00997A5B /* Base */ = {isa = PBXFileReference; lastKnownFileType = file.storyboard; name = Base; path = Base.lproj/Main.storyboard; sourceTree = "<group>"; };
		BE0F8094200F693C00997A5B /* Assets.xcassets */ = {isa = PBXFileReference; lastKnownFileType = folder.assetcatalog; path = Assets.xcassets; sourceTree = "<group>"; };
		BE0F8097200F693C00997A5B /* Base */ = {isa = PBXFileReference; lastKnownFileType = file.storyboard; name = Base; path = Base.lproj/LaunchScreen.storyboard; sourceTree = "<group>"; };
		BE0F8099200F693C00997A5B /* Info.plist */ = {isa = PBXFileReference; lastKnownFileType = text.plist.xml; path = Info.plist; sourceTree = "<group>"; };
		BE0F809E200F693C00997A5B /* PodGoTests.xctest */ = {isa = PBXFileReference; explicitFileType = wrapper.cfbundle; includeInIndex = 0; path = PodGoTests.xctest; sourceTree = BUILT_PRODUCTS_DIR; };
		BE0F80A2200F693C00997A5B /* PodGoTests.swift */ = {isa = PBXFileReference; lastKnownFileType = sourcecode.swift; path = PodGoTests.swift; sourceTree = "<group>"; };
		BE0F80A4200F693C00997A5B /* Info.plist */ = {isa = PBXFileReference; lastKnownFileType = text.plist.xml; path = Info.plist; sourceTree = "<group>"; };
		BE0F80A9200F693C00997A5B /* PodGoUITests.xctest */ = {isa = PBXFileReference; explicitFileType = wrapper.cfbundle; includeInIndex = 0; path = PodGoUITests.xctest; sourceTree = BUILT_PRODUCTS_DIR; };
		BE0F80AD200F693C00997A5B /* PodGoUITests.swift */ = {isa = PBXFileReference; lastKnownFileType = sourcecode.swift; path = PodGoUITests.swift; sourceTree = "<group>"; };
		BE0F80AF200F693C00997A5B /* Info.plist */ = {isa = PBXFileReference; lastKnownFileType = text.plist.xml; path = Info.plist; sourceTree = "<group>"; };
/* End PBXFileReference section */

/* Begin PBXFrameworksBuildPhase section */
		BE0F8087200F693C00997A5B /* Frameworks */ = {
			isa = PBXFrameworksBuildPhase;
			buildActionMask = 2147483647;
			files = (
			);
			runOnlyForDeploymentPostprocessing = 0;
		};
		BE0F809B200F693C00997A5B /* Frameworks */ = {
			isa = PBXFrameworksBuildPhase;
			buildActionMask = 2147483647;
			files = (
			);
			runOnlyForDeploymentPostprocessing = 0;
		};
		BE0F80A6200F693C00997A5B /* Frameworks */ = {
			isa = PBXFrameworksBuildPhase;
			buildActionMask = 2147483647;
			files = (
			);
			runOnlyForDeploymentPostprocessing = 0;
		};
/* End PBXFrameworksBuildPhase section */

/* Begin PBXGroup section */
		BE0F8081200F693C00997A5B = {
			isa = PBXGroup;
			children = (
				BE0F808C200F693C00997A5B /* PodGo */,
				BE0F80A1200F693C00997A5B /* PodGoTests */,
				BE0F80AC200F693C00997A5B /* PodGoUITests */,
				BE0F808B200F693C00997A5B /* Products */,
			);
			sourceTree = "<group>";
		};
		BE0F808B200F693C00997A5B /* Products */ = {
			isa = PBXGroup;
			children = (
				BE0F808A200F693C00997A5B /* PodGo.app */,
				BE0F809E200F693C00997A5B /* PodGoTests.xctest */,
				BE0F80A9200F693C00997A5B /* PodGoUITests.xctest */,
			);
			name = Products;
			sourceTree = "<group>";
		};
		BE0F808C200F693C00997A5B /* PodGo */ = {
			isa = PBXGroup;
			children = (
				BE0F808D200F693C00997A5B /* AppDelegate.swift */,
				BE0F808F200F693C00997A5B /* ViewController.swift */,
				BE0F8091200F693C00997A5B /* Main.storyboard */,
				BE0F8094200F693C00997A5B /* Assets.xcassets */,
				BE0F8096200F693C00997A5B /* LaunchScreen.storyboard */,
				BE0F8099200F693C00997A5B /* Info.plist */,
			);
			path = PodGo;
			sourceTree = "<group>";
		};
		BE0F80A1200F693C00997A5B /* PodGoTests */ = {
			isa = PBXGroup;
			children = (
				BE0F80A2200F693C00997A5B /* PodGoTests.swift */,
				BE0F80A4200F693C00997A5B /* Info.plist */,
			);
			path = PodGoTests;
			sourceTree = "<group>";
		};
		BE0F80AC200F693C00997A5B /* PodGoUITests */ = {
			isa = PBXGroup;
			children = (
				BE0F80AD200F693C00997A5B /* PodGoUITests.swift */,
				BE0F80AF200F693C00997A5B /* Info.plist */,
			);
			path = PodGoUITests;
			sourceTree = "<group>";
		};
/* End PBXGroup section */

/* Begin PBXNativeTarget section */
		BE0F8089200F693C00997A5B /* PodGo */ = {
			isa = PBXNativeTarget;
			buildConfigurationList = BE0F80B2200F693C00997A5B /* Build configuration list for PBXNativeTarget "PodGo" */;
			buildPhases = (
				BE0F8086200F693C00997A5B /* Sources */,
				BE0F8087200F693C00997A5B /* Frameworks */,
				BE0F8088200F693C00997A5B /* Resources */,
			);
			buildRules = (
			);
			dependencies = (
			);
			name = PodGo;
			productName = PodGo;
			productReference = BE0F808A200F693C00997A5B /* PodGo.app */;
			productType = "com.apple.product-type.application";
		};
		BE0F809D200F693C00997A5B /* PodGoTests */ = {
			isa = PBXNativeTarget;
			buildConfigurationList = BE0F80B5200F693C00997A5B /* Build configuration list for PBXNativeTarget "PodGoTests" */;
			buildPhases = (
				BE0F809A200F693C00997A5B /* Sources */,
				BE0F809B200F693C00997A5B /* Frameworks */,
				BE0F809C200F693C00997A5B /* Resources */,
			);
			buildRules = (
			);
			dependencies = (
				BE0F80A0200F693C00997A5B /* PBXTargetDependency */,
			);
			name = PodGoTests;
			productName = PodGoTests;
			productReference = BE0F809E200F693C00997A5B /* PodGoTests.xctest */;
			productType = "com.apple.product-type.bundle.unit-test";
		};
		BE0F80A8200F693C00997A5B /* PodGoUITests */ = {
			isa = PBXNativeTarget;
			buildConfigurationList = BE0F80B8200F693C00997A5B /* Build configuration list for PBXNativeTarget "PodGoUITests" */;
			buildPhases = (
				BE0F80A5200F693C00997A5B /* Sources */,
				BE0F80A6200F693C00997A5B /* Frameworks */,
				BE0F80A7200F693C00997A5B /* Resources */,
			);
			buildRules = (
			);
			dependencies = (
				BE0F80AB200F693C00997A5B /* PBXTargetDependency */,
			);
			name = PodGoUITests;
			productName = PodGoUITests;
			productReference = BE0F80A9200F693C00997A5B /* PodGoUITests.xctest */;
			productType = "com.apple.product-type.bundle.ui-testing";
		};
/* End PBXNativeTarget section */

/* Begin PBXProject section */
		BE0F8082200F693C00997A5B /* Project object */ = {
			isa = PBXProject;
			attributes = {
				LastSwiftUpdateCheck = 0920;
				LastUpgradeCheck = 0920;
				ORGANIZATIONNAME = "Will Bishop";
				TargetAttributes = {
					BE0F8089200F693C00997A5B = {
						CreatedOnToolsVersion = 9.2;
						ProvisioningStyle = Automatic;
					};
					BE0F809D200F693C00997A5B = {
						CreatedOnToolsVersion = 9.2;
						ProvisioningStyle = Automatic;
						TestTargetID = BE0F8089200F693C00997A5B;
					};
					BE0F80A8200F693C00997A5B = {
						CreatedOnToolsVersion = 9.2;
						ProvisioningStyle = Automatic;
						TestTargetID = BE0F8089200F693C00997A5B;
					};
				};
			};
			buildConfigurationList = BE0F8085200F693C00997A5B /* Build configuration list for PBXProject "PodGo" */;
			compatibilityVersion = "Xcode 8.0";
			developmentRegion = en;
			hasScannedForEncodings = 0;
			knownRegions = (
				en,
				Base,
			);
			mainGroup = BE0F8081200F693C00997A5B;
			productRefGroup = BE0F808B200F693C00997A5B /* Products */;
			projectDirPath = "";
			projectRoot = "";
			targets = (
				BE0F8089200F693C00997A5B /* PodGo */,
				BE0F809D200F693C00997A5B /* PodGoTests */,
				BE0F80A8200F693C00997A5B /* PodGoUITests */,
			);
		};
/* End PBXProject section */

/* Begin PBXResourcesBuildPhase section */
		BE0F8088200F693C00997A5B /* Resources */ = {
			isa = PBXResourcesBuildPhase;
			buildActionMask = 2147483647;
			files = (
				BE0F8098200F693C00997A5B /* LaunchScreen.storyboard in Resources */,
				BE0F8095200F693C00997A5B /* Assets.xcassets in Resources */,
				BE0F8093200F693C00997A5B /* Main.storyboard in Resources */,
			);
			runOnlyForDeploymentPostprocessing = 0;
		};
		BE0F809C200F693C00997A5B /* Resources */ = {
			isa = PBXResourcesBuildPhase;
			buildActionMask = 2147483647;
			files = (
			);
			runOnlyForDeploymentPostprocessing = 0;
		};
		BE0F80A7200F693C00997A5B /* Resources */ = {
			isa = PBXResourcesBuildPhase;
			buildActionMask = 2147483647;
			files = (
			);
			runOnlyForDeploymentPostprocessing = 0;
		};
/* End PBXResourcesBuildPhase section */

/* Begin PBXSourcesBuildPhase section */
		BE0F8086200F693C00997A5B /* Sources */ = {
			isa = PBXSourcesBuildPhase;
			buildActionMask = 2147483647;
			files = (
				BE0F8090200F693C00997A5B /* ViewController.swift in Sources */,
				BE0F808E200F693C00997A5B /* AppDelegate.swift in Sources */,
			);
			runOnlyForDeploymentPostprocessing = 0;
		};
		BE0F809A200F693C00997A5B /* Sources */ = {
			isa = PBXSourcesBuildPhase;
			buildActionMask = 2147483647;
			files = (
				BE0F80A3200F693C00997A5B /* PodGoTests.swift in Sources */,
			);
			runOnlyForDeploymentPostprocessing = 0;
		};
		BE0F80A5200F693C00997A5B /* Sources */ = {
			isa = PBXSourcesBuildPhase;
			buildActionMask = 2147483647;
			files = (
				BE0F80AE200F693C00997A5B /* PodGoUITests.swift in Sources */,
			);
			runOnlyForDeploymentPostprocessing = 0;
		};
/* End PBXSourcesBuildPhase section */

/* Begin PBXTargetDependency section */
		BE0F80A0200F693C00997A5B /* PBXTargetDependency */ = {
			isa = PBXTargetDependency;
			target = BE0F8089200F693C00997A5B /* PodGo */;
			targetProxy = BE0F809F200F693C00997A5B /* PBXContainerItemProxy */;
		};
		BE0F80AB200F693C00997A5B /* PBXTargetDependency */ = {
			isa = PBXTargetDependency;
			target = BE0F8089200F693C00997A5B /* PodGo */;
			targetProxy = BE0F80AA200F693C00997A5B /* PBXContainerItemProxy */;
		};
/* End PBXTargetDependency section */

/* Begin PBXVariantGroup section */
		BE0F8091200F693C00997A5B /* Main.storyboard */ = {
			isa = PBXVariantGroup;
			children = (
				BE0F8092200F693C00997A5B /* Base */,
			);
			name = Main.storyboard;
			sourceTree = "<group>";
		};
		BE0F8096200F693C00997A5B /* LaunchScreen.storyboard */ = {
			isa = PBXVariantGroup;
			children = (
				BE0F8097200F693C00997A5B /* Base */,
			);
			name = LaunchScreen.storyboard;
			sourceTree = "<group>";
		};
/* End PBXVariantGroup section */

/* Begin XCBuildConfiguration section */
		BE0F80B0200F693C00997A5B /* Debug */ = {
			isa = XCBuildConfiguration;
			buildSettings = {
				ALWAYS_SEARCH_USER_PATHS = NO;
				CLANG_ANALYZER_NONNULL = YES;
				CLANG_ANALYZER_NUMBER_OBJECT_CONVERSION = YES_AGGRESSIVE;
				CLANG_CXX_LANGUAGE_STANDARD = "gnu++14";
				CLANG_CXX_LIBRARY = "libc++";
				CLANG_ENABLE_MODULES = YES;
				CLANG_ENABLE_OBJC_ARC = YES;
				CLANG_WARN_BLOCK_CAPTURE_AUTORELEASING = YES;
				CLANG_WARN_BOOL_CONVERSION = YES;
				CLANG_WARN_COMMA = YES;
				CLANG_WARN_CONSTANT_CONVERSION = YES;
				CLANG_WARN_DIRECT_OBJC_ISA_USAGE = YES_ERROR;
				CLANG_WARN_DOCUMENTATION_COMMENTS = YES;
				CLANG_WARN_EMPTY_BODY = YES;
				CLANG_WARN_ENUM_CONVERSION = YES;
				CLANG_WARN_INFINITE_RECURSION = YES;
				CLANG_WARN_INT_CONVERSION = YES;
				CLANG_WARN_NON_LITERAL_NULL_CONVERSION = YES;
				CLANG_WARN_OBJC_LITERAL_CONVERSION = YES;
				CLANG_WARN_OBJC_ROOT_CLASS = YES_ERROR;
				CLANG_WARN_RANGE_LOOP_ANALYSIS = YES;
				CLANG_WARN_STRICT_PROTOTYPES = YES;
				CLANG_WARN_SUSPICIOUS_MOVE = YES;
				CLANG_WARN_UNGUARDED_AVAILABILITY = YES_AGGRESSIVE;
				CLANG_WARN_UNREACHABLE_CODE = YES;
				CLANG_WARN__DUPLICATE_METHOD_MATCH = YES;
				CODE_SIGN_IDENTITY = "iPhone Developer";
				COPY_PHASE_STRIP = NO;
				DEBUG_INFORMATION_FORMAT = dwarf;
				ENABLE_STRICT_OBJC_MSGSEND = YES;
				ENABLE_TESTABILITY = YES;
				GCC_C_LANGUAGE_STANDARD = gnu11;
				GCC_DYNAMIC_NO_PIC = NO;
				GCC_NO_COMMON_BLOCKS = YES;
				GCC_OPTIMIZATION_LEVEL = 0;
				GCC_PREPROCESSOR_DEFINITIONS = (
					"DEBUG=1",
					"$(inherited)",
				);
				GCC_WARN_64_TO_32_BIT_CONVERSION = YES;
				GCC_WARN_ABOUT_RETURN_TYPE = YES_ERROR;
				GCC_WARN_UNDECLARED_SELECTOR = YES;
				GCC_WARN_UNINITIALIZED_AUTOS = YES_AGGRESSIVE;
				GCC_WARN_UNUSED_FUNCTION = YES;
				GCC_WARN_UNUSED_VARIABLE = YES;
				IPHONEOS_DEPLOYMENT_TARGET = 11.2;
				MTL_ENABLE_DEBUG_INFO = YES;
				ONLY_ACTIVE_ARCH = YES;
				SDKROOT = iphoneos;
				SWIFT_ACTIVE_COMPILATION_CONDITIONS = DEBUG;
				SWIFT_OPTIMIZATION_LEVEL = "-Onone";
			};
			name = Debug;
		};
		BE0F80B1200F693C00997A5B /* Release */ = {
			isa = XCBuildConfiguration;
			buildSettings = {
				ALWAYS_SEARCH_USER_PATHS = NO;
				CLANG_ANALYZER_NONNULL = YES;
				CLANG_ANALYZER_NUMBER_OBJECT_CONVERSION = YES_AGGRESSIVE;
				CLANG_CXX_LANGUAGE_STANDARD = "gnu++14";
				CLANG_CXX_LIBRARY = "libc++";
				CLANG_ENABLE_MODULES = YES;
				CLANG_ENABLE_OBJC_ARC = YES;
				CLANG_WARN_BLOCK_CAPTURE_AUTORELEASING = YES;
				CLANG_WARN_BOOL_CONVERSION = YES;
				CLANG_WARN_COMMA = YES;
				CLANG_WARN_CONSTANT_CONVERSION = YES;
				CLANG_WARN_DIRECT_OBJC_ISA_USAGE = YES_ERROR;
				CLANG_WARN_DOCUMENTATION_COMMENTS = YES;
				CLANG_WARN_EMPTY_BODY = YES;
				CLANG_WARN_ENUM_CONVERSION = YES;
				CLANG_WARN_INFINITE_RECURSION = YES;
				CLANG_WARN_INT_CONVERSION = YES;
				CLANG_WARN_NON_LITERAL_NULL_CONVERSION = YES;
				CLANG_WARN_OBJC_LITERAL_CONVERSION = YES;
				CLANG_WARN_OBJC_ROOT_CLASS = YES_ERROR;
				CLANG_WARN_RANGE_LOOP_ANALYSIS = YES;
				CLANG_WARN_STRICT_PROTOTYPES = YES;
				CLANG_WARN_SUSPICIOUS_MOVE = YES;
				CLANG_WARN_UNGUARDED_AVAILABILITY = YES_AGGRESSIVE;
				CLANG_WARN_UNREACHABLE_CODE = YES;
				CLANG_WARN__DUPLICATE_METHOD_MATCH = YES;
				CODE_SIGN_IDENTITY = "iPhone Developer";
				COPY_PHASE_STRIP = NO;
				DEBUG_INFORMATION_FORMAT = "dwarf-with-dsym";
				ENABLE_NS_ASSERTIONS = NO;
				ENABLE_STRICT_OBJC_MSGSEND = YES;
				GCC_C_LANGUAGE_STANDARD = gnu11;
				GCC_NO_COMMON_BLOCKS = YES;
				GCC_WARN_64_TO_32_BIT_CONVERSION = YES;
				GCC_WARN_ABOUT_RETURN_TYPE = YES_ERROR;
				GCC_WARN_UNDECLARED_SELECTOR = YES;
				GCC_WARN_UNINITIALIZED_AUTOS = YES_AGGRESSIVE;
				GCC_WARN_UNUSED_FUNCTION = YES;
				GCC_WARN_UNUSED_VARIABLE = YES;
				IPHONEOS_DEPLOYMENT_TARGET = 11.2;
				MTL_ENABLE_DEBUG_INFO = NO;
				SDKROOT = iphoneos;
				SWIFT_OPTIMIZATION_LEVEL = "-Owholemodule";
				VALIDATE_PRODUCT = YES;
			};
			name = Release;
		};
		BE0F80B3200F693C00997A5B /* Debug */ = {
			isa = XCBuildConfiguration;
			buildSettings = {
				ASSETCATALOG_COMPILER_APPICON_NAME = AppIcon;
				CODE_SIGN_STYLE = Automatic;
				DEVELOPMENT_TEAM = J6K4D5R5JQ;
				INFOPLIST_FILE = PodGo/Info.plist;
				LD_RUNPATH_SEARCH_PATHS = "$(inherited) @executable_path/Frameworks";
				PRODUCT_BUNDLE_IDENTIFIER = com.willbishop.PodGo;
				PRODUCT_NAME = "$(TARGET_NAME)";
				SWIFT_VERSION = 4.0;
				TARGETED_DEVICE_FAMILY = "1,2";
			};
			name = Debug;
		};
		BE0F80B4200F693C00997A5B /* Release */ = {
			isa = XCBuildConfiguration;
			buildSettings = {
				ASSETCATALOG_COMPILER_APPICON_NAME = AppIcon;
				CODE_SIGN_STYLE = Automatic;
				DEVELOPMENT_TEAM = J6K4D5R5JQ;
				INFOPLIST_FILE = PodGo/Info.plist;
				LD_RUNPATH_SEARCH_PATHS = "$(inherited) @executable_path/Frameworks";
				PRODUCT_BUNDLE_IDENTIFIER = com.willbishop.PodGo;
				PRODUCT_NAME = "$(TARGET_NAME)";
				SWIFT_VERSION = 4.0;
				TARGETED_DEVICE_FAMILY = "1,2";
			};
			name = Release;
		};
		BE0F80B6200F693C00997A5B /* Debug */ = {
			isa = XCBuildConfiguration;
			buildSettings = {
				ALWAYS_EMBED_SWIFT_STANDARD_LIBRARIES = YES;
				BUNDLE_LOADER = "$(TEST_HOST)";
				CODE_SIGN_STYLE = Automatic;
				DEVELOPMENT_TEAM = J6K4D5R5JQ;
				INFOPLIST_FILE = PodGoTests/Info.plist;
				LD_RUNPATH_SEARCH_PATHS = "$(inherited) @executable_path/Frameworks @loader_path/Frameworks";
				PRODUCT_BUNDLE_IDENTIFIER = com.willbishop.PodGoTests;
				PRODUCT_NAME = "$(TARGET_NAME)";
				SWIFT_VERSION = 4.0;
				TARGETED_DEVICE_FAMILY = "1,2";
				TEST_HOST = "$(BUILT_PRODUCTS_DIR)/PodGo.app/PodGo";
			};
			name = Debug;
		};
		BE0F80B7200F693C00997A5B /* Release */ = {
			isa = XCBuildConfiguration;
			buildSettings = {
				ALWAYS_EMBED_SWIFT_STANDARD_LIBRARIES = YES;
				BUNDLE_LOADER = "$(TEST_HOST)";
				CODE_SIGN_STYLE = Automatic;
				DEVELOPMENT_TEAM = J6K4D5R5JQ;
				INFOPLIST_FILE = PodGoTests/Info.plist;
				LD_RUNPATH_SEARCH_PATHS = "$(inherited) @executable_path/Frameworks @loader_path/Frameworks";
				PRODUCT_BUNDLE_IDENTIFIER = com.willbishop.PodGoTests;
				PRODUCT_NAME = "$(TARGET_NAME)";
				SWIFT_VERSION = 4.0;
				TARGETED_DEVICE_FAMILY = "1,2";
				TEST_HOST = "$(BUILT_PRODUCTS_DIR)/PodGo.app/PodGo";
			};
			name = Release;
		};
		BE0F80B9200F693C00997A5B /* Debug */ = {
			isa = XCBuildConfiguration;
			buildSettings = {
				ALWAYS_EMBED_SWIFT_STANDARD_LIBRARIES = YES;
				CODE_SIGN_STYLE = Automatic;
				DEVELOPMENT_TEAM = J6K4D5R5JQ;
				INFOPLIST_FILE = PodGoUITests/Info.plist;
				LD_RUNPATH_SEARCH_PATHS = "$(inherited) @executable_path/Frameworks @loader_path/Frameworks";
				PRODUCT_BUNDLE_IDENTIFIER = com.willbishop.PodGoUITests;
				PRODUCT_NAME = "$(TARGET_NAME)";
				SWIFT_VERSION = 4.0;
				TARGETED_DEVICE_FAMILY = "1,2";
				TEST_TARGET_NAME = PodGo;
			};
			name = Debug;
		};
		BE0F80BA200F693C00997A5B /* Release */ = {
			isa = XCBuildConfiguration;
			buildSettings = {
				ALWAYS_EMBED_SWIFT_STANDARD_LIBRARIES = YES;
				CODE_SIGN_STYLE = Automatic;
				DEVELOPMENT_TEAM = J6K4D5R5JQ;
				INFOPLIST_FILE = PodGoUITests/Info.plist;
				LD_RUNPATH_SEARCH_PATHS = "$(inherited) @executable_path/Frameworks @loader_path/Frameworks";
				PRODUCT_BUNDLE_IDENTIFIER = com.willbishop.PodGoUITests;
				PRODUCT_NAME = "$(TARGET_NAME)";
				SWIFT_VERSION = 4.0;
				TARGETED_DEVICE_FAMILY = "1,2";
				TEST_TARGET_NAME = PodGo;
			};
			name = Release;
		};
/* End XCBuildConfiguration section */

/* Begin XCConfigurationList section */
		BE0F8085200F693C00997A5B /* Build configuration list for PBXProject "PodGo" */ = {
			isa = XCConfigurationList;
			buildConfigurations = (
				BE0F80B0200F693C00997A5B /* Debug */,
				BE0F80B1200F693C00997A5B /* Release */,
			);
			defaultConfigurationIsVisible = 0;
			defaultConfigurationName = Release;
		};
		BE0F80B2200F693C00997A5B /* Build configuration list for PBXNativeTarget "PodGo" */ = {
			isa = XCConfigurationList;
			buildConfigurations = (
				BE0F80B3200F693C00997A5B /* Debug */,
				BE0F80B4200F693C00997A5B /* Release */,
			);
			defaultConfigurationIsVisible = 0;
			defaultConfigurationName = Release;
		};
		BE0F80B5200F693C00997A5B /* Build configuration list for PBXNativeTarget "PodGoTests" */ = {
			isa = XCConfigurationList;
			buildConfigurations = (
				BE0F80B6200F693C00997A5B /* Debug */,
				BE0F80B7200F693C00997A5B /* Release */,
			);
			defaultConfigurationIsVisible = 0;
			defaultConfigurationName = Release;
		};
		BE0F80B8200F693C00997A5B /* Build configuration list for PBXNativeTarget "PodGoUITests" */ = {
			isa = XCConfigurationList;
			buildConfigurations = (
				BE0F80B9200F693C00997A5B /* Debug */,
				BE0F80BA200F693C00997A5B /* Release */,
			);
			defaultConfigurationIsVisible = 0;
			defaultConfigurationName = Release;
		};
/* End XCConfigurationList section */
	};
	rootObject = BE0F8082200F693C00997A5B /* Project object */;
}
